
Microsoft Visual Studio Solution File, Format Version 12.00
# Visual Studio 15
VisualStudioVersion = 15.0.27130.2036
MinimumVisualStudioVersion = 10.0.40219.1
Project("{FAE04EC0-301F-11D3-BF4B-00C04F79EFBC}") = "iTechart.Survey.DAL", "DAL\iTechart.Survey.DAL.csproj", "{501D2F30-76C1-4F8B-A43B-2DFF4CF03C21}"
EndProject
Project("{FAE04EC0-301F-11D3-BF4B-00C04F79EFBC}") = "iTechArt.Survey.DomainModel", "Models\iTechArt.Survey.DomainModel.csproj", "{702C7140-C7A4-40AA-B035-04F3C4D82ADD}"
EndProject
Project("{FAE04EC0-301F-11D3-BF4B-00C04F79EFBC}") = "iTechArt.Survey.BLL", "BLL\iTechArt.Survey.BLL.csproj", "{ACCFB85F-A1D1-4295-8C0E-88C44767B5EE}"
EndProject
Project("{FAE04EC0-301F-11D3-BF4B-00C04F79EFBC}") = "iTechArt.Survey.WebApi", "Controllers\iTechArt.Survey.WebApi.csproj", "{DF5116AF-2EF5-42EE-9E8A-9943207EF8AC}"
EndProject
Project("{FAE04EC0-301F-11D3-BF4B-00C04F79EFBC}") = "iTechArt.Survey.DependencyResolution", "DependencyResolution\iTechArt.Survey.DependencyResolution.csproj", "{BB4A104A-22A4-483A-8FBB-111B2EC3F056}"
EndProject
Project("{FAE04EC0-301F-11D3-BF4B-00C04F79EFBC}") = "iTechArt.Survey.BLL.DTO", "iTechArt.Survey.BLL.DTO\iTechArt.Survey.BLL.DTO.csproj", "{917E1EDE-7FDA-435A-96C8-683E07F720FC}"
EndProject
Project("{FAE04EC0-301F-11D3-BF4B-00C04F79EFBC}") = "iTechArt.Repositories", "iTechArt.Repositories\iTechArt.Repositories.csproj", "{1E76A240-115A-4A1E-A2C5-A782B697CF7B}"
EndProject
Project("{FAE04EC0-301F-11D3-BF4B-00C04F79EFBC}") = "iTechArt.Repositories.EntityFramework", "iTechArt.Repositories.EntityFramework\iTechArt.Repositories.EntityFramework.csproj", "{A54BB14E-0534-47D3-BF55-7E5BCA1852BD}"
EndProject
Project("{FAE04EC0-301F-11D3-BF4B-00C04F79EFBC}") = "iTechArt.Common", "iTechArt.Common\iTechArt.Common.csproj", "{7377322C-A1D5-430F-9621-8EA655FE6F1E}"
EndProject
Project("{FAE04EC0-301F-11D3-BF4B-00C04F79EFBC}") = "iTechArt.Common.Logger", "iTechArt.Common.Logger\iTechArt.Common.Logger.csproj", "{B3139EE6-E83D-40A7-B9F5-186FEDF64B44}"
EndProject
Global
	GlobalSection(SolutionConfigurationPlatforms) = preSolution
		Debug|Any CPU = Debug|Any CPU
		Release|Any CPU = Release|Any CPU
	EndGlobalSection
	GlobalSection(ProjectConfigurationPlatforms) = postSolution
		{501D2F30-76C1-4F8B-A43B-2DFF4CF03C21}.Debug|Any CPU.ActiveCfg = Debug|Any CPU
		{501D2F30-76C1-4F8B-A43B-2DFF4CF03C21}.Debug|Any CPU.Build.0 = Debug|Any CPU
		{501D2F30-76C1-4F8B-A43B-2DFF4CF03C21}.Release|Any CPU.ActiveCfg = Release|Any CPU
		{501D2F30-76C1-4F8B-A43B-2DFF4CF03C21}.Release|Any CPU.Build.0 = Release|Any CPU
		{702C7140-C7A4-40AA-B035-04F3C4D82ADD}.Debug|Any CPU.ActiveCfg = Debug|Any CPU
		{702C7140-C7A4-40AA-B035-04F3C4D82ADD}.Debug|Any CPU.Build.0 = Debug|Any CPU
		{702C7140-C7A4-40AA-B035-04F3C4D82ADD}.Release|Any CPU.ActiveCfg = Release|Any CPU
		{702C7140-C7A4-40AA-B035-04F3C4D82ADD}.Release|Any CPU.Build.0 = Release|Any CPU
		{ACCFB85F-A1D1-4295-8C0E-88C44767B5EE}.Debug|Any CPU.ActiveCfg = Debug|Any CPU
		{ACCFB85F-A1D1-4295-8C0E-88C44767B5EE}.Debug|Any CPU.Build.0 = Debug|Any CPU
		{ACCFB85F-A1D1-4295-8C0E-88C44767B5EE}.Release|Any CPU.ActiveCfg = Release|Any CPU
		{ACCFB85F-A1D1-4295-8C0E-88C44767B5EE}.Release|Any CPU.Build.0 = Release|Any CPU
		{DF5116AF-2EF5-42EE-9E8A-9943207EF8AC}.Debug|Any CPU.ActiveCfg = Debug|Any CPU
		{DF5116AF-2EF5-42EE-9E8A-9943207EF8AC}.Debug|Any CPU.Build.0 = Debug|Any CPU
		{DF5116AF-2EF5-42EE-9E8A-9943207EF8AC}.Release|Any CPU.ActiveCfg = Release|Any CPU
		{DF5116AF-2EF5-42EE-9E8A-9943207EF8AC}.Release|Any CPU.Build.0 = Release|Any CPU
		{BB4A104A-22A4-483A-8FBB-111B2EC3F056}.Debug|Any CPU.ActiveCfg = Debug|Any CPU
		{BB4A104A-22A4-483A-8FBB-111B2EC3F056}.Debug|Any CPU.Build.0 = Debug|Any CPU
		{BB4A104A-22A4-483A-8FBB-111B2EC3F056}.Release|Any CPU.ActiveCfg = Release|Any CPU
		{BB4A104A-22A4-483A-8FBB-111B2EC3F056}.Release|Any CPU.Build.0 = Release|Any CPU
		{917E1EDE-7FDA-435A-96C8-683E07F720FC}.Debug|Any CPU.ActiveCfg = Debug|Any CPU
		{917E1EDE-7FDA-435A-96C8-683E07F720FC}.Debug|Any CPU.Build.0 = Debug|Any CPU
		{917E1EDE-7FDA-435A-96C8-683E07F720FC}.Release|Any CPU.ActiveCfg = Release|Any CPU
		{917E1EDE-7FDA-435A-96C8-683E07F720FC}.Release|Any CPU.Build.0 = Release|Any CPU
		{1E76A240-115A-4A1E-A2C5-A782B697CF7B}.Debug|Any CPU.ActiveCfg = Debug|Any CPU
		{1E76A240-115A-4A1E-A2C5-A782B697CF7B}.Debug|Any CPU.Build.0 = Debug|Any CPU
		{1E76A240-115A-4A1E-A2C5-A782B697CF7B}.Release|Any CPU.ActiveCfg = Release|Any CPU
		{1E76A240-115A-4A1E-A2C5-A782B697CF7B}.Release|Any CPU.Build.0 = Release|Any CPU
		{A54BB14E-0534-47D3-BF55-7E5BCA1852BD}.Debug|Any CPU.ActiveCfg = Debug|Any CPU
		{A54BB14E-0534-47D3-BF55-7E5BCA1852BD}.Debug|Any CPU.Build.0 = Debug|Any CPU
		{A54BB14E-0534-47D3-BF55-7E5BCA1852BD}.Release|Any CPU.ActiveCfg = Release|Any CPU
		{A54BB14E-0534-47D3-BF55-7E5BCA1852BD}.Release|Any CPU.Build.0 = Release|Any CPU
		{7377322C-A1D5-430F-9621-8EA655FE6F1E}.Debug|Any CPU.ActiveCfg = Debug|Any CPU
		{7377322C-A1D5-430F-9621-8EA655FE6F1E}.Debug|Any CPU.Build.0 = Debug|Any CPU
		{7377322C-A1D5-430F-9621-8EA655FE6F1E}.Release|Any CPU.ActiveCfg = Release|Any CPU
		{7377322C-A1D5-430F-9621-8EA655FE6F1E}.Release|Any CPU.Build.0 = Release|Any CPU
		{B3139EE6-E83D-40A7-B9F5-186FEDF64B44}.Debug|Any CPU.ActiveCfg = Debug|Any CPU
		{B3139EE6-E83D-40A7-B9F5-186FEDF64B44}.Debug|Any CPU.Build.0 = Debug|Any CPU
		{B3139EE6-E83D-40A7-B9F5-186FEDF64B44}.Release|Any CPU.ActiveCfg = Release|Any CPU
		{B3139EE6-E83D-40A7-B9F5-186FEDF64B44}.Release|Any CPU.Build.0 = Release|Any CPU
	EndGlobalSection
	GlobalSection(SolutionProperties) = preSolution
		HideSolutionNode = FALSE
	EndGlobalSection
	GlobalSection(ExtensibilityGlobals) = postSolution
		SolutionGuid = {93DE412F-767A-4EAB-A72E-49E521B49D05}
	EndGlobalSection
EndGlobal
