
Microsoft Visual Studio Solution File, Format Version 12.00
# Visual Studio 15
VisualStudioVersion = 15.0.27130.2036
MinimumVisualStudioVersion = 10.0.40219.1
Project("{FAE04EC0-301F-11D3-BF4B-00C04F79EFBC}") = "DAL", "DAL\DAL.csproj", "{501D2F30-76C1-4F8B-A43B-2DFF4CF03C21}"
EndProject
Project("{FAE04EC0-301F-11D3-BF4B-00C04F79EFBC}") = "Models", "Models\Models.csproj", "{702C7140-C7A4-40AA-B035-04F3C4D82ADD}"
EndProject
Project("{FAE04EC0-301F-11D3-BF4B-00C04F79EFBC}") = "BLL", "BLL\BLL.csproj", "{ACCFB85F-A1D1-4295-8C0E-88C44767B5EE}"
EndProject
Project("{FAE04EC0-301F-11D3-BF4B-00C04F79EFBC}") = "Controllers", "Controllers\Controllers.csproj", "{DF5116AF-2EF5-42EE-9E8A-9943207EF8AC}"
EndProject
Project("{FAE04EC0-301F-11D3-BF4B-00C04F79EFBC}") = "DependencyResolution", "DependencyResolution\DependencyResolution.csproj", "{BB4A104A-22A4-483A-8FBB-111B2EC3F056}"
EndProject
Global
	GlobalSection(SolutionConfigurationPlatforms) = preSolution
		Debug|Any CPU = Debug|Any CPU
		Release|Any CPU = Release|Any CPU
	EndGlobalSection
	GlobalSection(ProjectConfigurationPlatforms) = postSolution
		{501D2F30-76C1-4F8B-A43B-2DFF4CF03C21}.Debug|Any CPU.ActiveCfg = Debug|Any CPU
		{501D2F30-76C1-4F8B-A43B-2DFF4CF03C21}.Debug|Any CPU.Build.0 = Debug|Any CPU
		{501D2F30-76C1-4F8B-A43B-2DFF4CF03C21}.Release|Any CPU.ActiveCfg = Release|Any CPU
		{501D2F30-76C1-4F8B-A43B-2DFF4CF03C21}.Release|Any CPU.Build.0 = Release|Any CPU
		{702C7140-C7A4-40AA-B035-04F3C4D82ADD}.Debug|Any CPU.ActiveCfg = Debug|Any CPU
		{702C7140-C7A4-40AA-B035-04F3C4D82ADD}.Debug|Any CPU.Build.0 = Debug|Any CPU
		{702C7140-C7A4-40AA-B035-04F3C4D82ADD}.Release|Any CPU.ActiveCfg = Release|Any CPU
		{702C7140-C7A4-40AA-B035-04F3C4D82ADD}.Release|Any CPU.Build.0 = Release|Any CPU
		{ACCFB85F-A1D1-4295-8C0E-88C44767B5EE}.Debug|Any CPU.ActiveCfg = Debug|Any CPU
		{ACCFB85F-A1D1-4295-8C0E-88C44767B5EE}.Debug|Any CPU.Build.0 = Debug|Any CPU
		{ACCFB85F-A1D1-4295-8C0E-88C44767B5EE}.Release|Any CPU.ActiveCfg = Release|Any CPU
		{ACCFB85F-A1D1-4295-8C0E-88C44767B5EE}.Release|Any CPU.Build.0 = Release|Any CPU
		{DF5116AF-2EF5-42EE-9E8A-9943207EF8AC}.Debug|Any CPU.ActiveCfg = Debug|Any CPU
		{DF5116AF-2EF5-42EE-9E8A-9943207EF8AC}.Debug|Any CPU.Build.0 = Debug|Any CPU
		{DF5116AF-2EF5-42EE-9E8A-9943207EF8AC}.Release|Any CPU.ActiveCfg = Release|Any CPU
		{DF5116AF-2EF5-42EE-9E8A-9943207EF8AC}.Release|Any CPU.Build.0 = Release|Any CPU
		{BB4A104A-22A4-483A-8FBB-111B2EC3F056}.Debug|Any CPU.ActiveCfg = Debug|Any CPU
		{BB4A104A-22A4-483A-8FBB-111B2EC3F056}.Debug|Any CPU.Build.0 = Debug|Any CPU
		{BB4A104A-22A4-483A-8FBB-111B2EC3F056}.Release|Any CPU.ActiveCfg = Release|Any CPU
		{BB4A104A-22A4-483A-8FBB-111B2EC3F056}.Release|Any CPU.Build.0 = Release|Any CPU
	EndGlobalSection
	GlobalSection(SolutionProperties) = preSolution
		HideSolutionNode = FALSE
	EndGlobalSection
	GlobalSection(ExtensibilityGlobals) = postSolution
		SolutionGuid = {93DE412F-767A-4EAB-A72E-49E521B49D05}
	EndGlobalSection
EndGlobal
